// !$*UTF8*$!
{
	archiveVersion = 1;
	classes = {
	};
	objectVersion = 46;
	objects = {

/* Begin PBXBuildFile section */
		49575AC81EA74B6100BD0C0C /* AppDelegate.swift in Sources */ = {isa = PBXBuildFile; fileRef = 49575AC71EA74B6100BD0C0C /* AppDelegate.swift */; };
		49575ACD1EA74B6100BD0C0C /* Main.storyboard in Resources */ = {isa = PBXBuildFile; fileRef = 49575ACB1EA74B6100BD0C0C /* Main.storyboard */; };
		49575ACF1EA74B6100BD0C0C /* Assets.xcassets in Resources */ = {isa = PBXBuildFile; fileRef = 49575ACE1EA74B6100BD0C0C /* Assets.xcassets */; };
		49575AD21EA74B6100BD0C0C /* LaunchScreen.storyboard in Resources */ = {isa = PBXBuildFile; fileRef = 49575AD01EA74B6100BD0C0C /* LaunchScreen.storyboard */; };
		49575ADA1EA74E5800BD0C0C /* SignUpViewController.swift in Sources */ = {isa = PBXBuildFile; fileRef = 49575AD91EA74E5800BD0C0C /* SignUpViewController.swift */; };
		49575ADC1EA760E800BD0C0C /* HomeViewController.swift in Sources */ = {isa = PBXBuildFile; fileRef = 49575ADB1EA760E800BD0C0C /* HomeViewController.swift */; };
		49575ADE1EA760F200BD0C0C /* SearchViewController.swift in Sources */ = {isa = PBXBuildFile; fileRef = 49575ADD1EA760F200BD0C0C /* SearchViewController.swift */; };
		49575AE01EA7610300BD0C0C /* ActivityViewController.swift in Sources */ = {isa = PBXBuildFile; fileRef = 49575ADF1EA7610300BD0C0C /* ActivityViewController.swift */; };
		49575AE21EA7610F00BD0C0C /* PhotoViewController.swift in Sources */ = {isa = PBXBuildFile; fileRef = 49575AE11EA7610F00BD0C0C /* PhotoViewController.swift */; };
		49575AE41EA7611A00BD0C0C /* ProfileViewController.swift in Sources */ = {isa = PBXBuildFile; fileRef = 49575AE31EA7611A00BD0C0C /* ProfileViewController.swift */; };
		4974AE841EAB77D80095720B /* SignInViewController.swift in Sources */ = {isa = PBXBuildFile; fileRef = 4974AE831EAB77D80095720B /* SignInViewController.swift */; };
		498162721EA8C71500CDAFC2 /* GoogleService-Info.plist in Resources */ = {isa = PBXBuildFile; fileRef = 498162711EA8C71500CDAFC2 /* GoogleService-Info.plist */; };
		49896C631EAF93D900DC7950 /* ProgressHUD.bundle in Resources */ = {isa = PBXBuildFile; fileRef = 49896C601EAF93D900DC7950 /* ProgressHUD.bundle */; };
		49896C641EAF93D900DC7950 /* ProgressHUD.m in Sources */ = {isa = PBXBuildFile; fileRef = 49896C621EAF93D900DC7950 /* ProgressHUD.m */; };
		49896C661EAFCE5400DC7950 /* AuthServices.swift in Sources */ = {isa = PBXBuildFile; fileRef = 49896C651EAFCE5400DC7950 /* AuthServices.swift */; };
		49896C681EB0A24F00DC7950 /* Config.swift in Sources */ = {isa = PBXBuildFile; fileRef = 49896C671EB0A24F00DC7950 /* Config.swift */; };
		49D2B6BC1EA793B000541569 /* Insideapp.storyboard in Resources */ = {isa = PBXBuildFile; fileRef = 49D2B6BA1EA793B000541569 /* Insideapp.storyboard */; };
		49D2B6BF1EA7CF4800541569 /* Home.storyboard in Resources */ = {isa = PBXBuildFile; fileRef = 49D2B6BD1EA7CF4800541569 /* Home.storyboard */; };
		49D2B6C11EA7D02700541569 /* Search.storyboard in Resources */ = {isa = PBXBuildFile; fileRef = 49D2B6C01EA7D02700541569 /* Search.storyboard */; };
		49D2B6C41EA7D07700541569 /* Postphoto.storyboard in Resources */ = {isa = PBXBuildFile; fileRef = 49D2B6C21EA7D07700541569 /* Postphoto.storyboard */; };
		49D2B6C61EA7D0B900541569 /* Activity.storyboard in Resources */ = {isa = PBXBuildFile; fileRef = 49D2B6C51EA7D0B900541569 /* Activity.storyboard */; };
		49D2B6C91EA7D10100541569 /* Profile.storyboard in Resources */ = {isa = PBXBuildFile; fileRef = 49D2B6C71EA7D10100541569 /* Profile.storyboard */; };
		5C855B636009483549DF13E4 /* Pods_InstagramClone.framework in Frameworks */ = {isa = PBXBuildFile; fileRef = C7A0278DB3C8B4BB32E9E468 /* Pods_InstagramClone.framework */; };
/* End PBXBuildFile section */

/* Begin PBXFileReference section */
		49575AC41EA74B6100BD0C0C /* InstagramClone.app */ = {isa = PBXFileReference; explicitFileType = wrapper.application; includeInIndex = 0; path = InstagramClone.app; sourceTree = BUILT_PRODUCTS_DIR; };
		49575AC71EA74B6100BD0C0C /* AppDelegate.swift */ = {isa = PBXFileReference; lastKnownFileType = sourcecode.swift; path = AppDelegate.swift; sourceTree = "<group>"; };
		49575ACC1EA74B6100BD0C0C /* Base */ = {isa = PBXFileReference; lastKnownFileType = file.storyboard; name = Base; path = Base.lproj/Main.storyboard; sourceTree = "<group>"; };
		49575ACE1EA74B6100BD0C0C /* Assets.xcassets */ = {isa = PBXFileReference; lastKnownFileType = folder.assetcatalog; path = Assets.xcassets; sourceTree = "<group>"; };
		49575AD11EA74B6100BD0C0C /* Base */ = {isa = PBXFileReference; lastKnownFileType = file.storyboard; name = Base; path = Base.lproj/LaunchScreen.storyboard; sourceTree = "<group>"; };
		49575AD31EA74B6100BD0C0C /* Info.plist */ = {isa = PBXFileReference; lastKnownFileType = text.plist.xml; path = Info.plist; sourceTree = "<group>"; };
		49575AD91EA74E5800BD0C0C /* SignUpViewController.swift */ = {isa = PBXFileReference; fileEncoding = 4; lastKnownFileType = sourcecode.swift; path = SignUpViewController.swift; sourceTree = "<group>"; };
		49575ADB1EA760E800BD0C0C /* HomeViewController.swift */ = {isa = PBXFileReference; fileEncoding = 4; lastKnownFileType = sourcecode.swift; path = HomeViewController.swift; sourceTree = "<group>"; };
		49575ADD1EA760F200BD0C0C /* SearchViewController.swift */ = {isa = PBXFileReference; fileEncoding = 4; lastKnownFileType = sourcecode.swift; path = SearchViewController.swift; sourceTree = "<group>"; };
		49575ADF1EA7610300BD0C0C /* ActivityViewController.swift */ = {isa = PBXFileReference; fileEncoding = 4; lastKnownFileType = sourcecode.swift; path = ActivityViewController.swift; sourceTree = "<group>"; };
		49575AE11EA7610F00BD0C0C /* PhotoViewController.swift */ = {isa = PBXFileReference; fileEncoding = 4; lastKnownFileType = sourcecode.swift; path = PhotoViewController.swift; sourceTree = "<group>"; };
		49575AE31EA7611A00BD0C0C /* ProfileViewController.swift */ = {isa = PBXFileReference; fileEncoding = 4; lastKnownFileType = sourcecode.swift; path = ProfileViewController.swift; sourceTree = "<group>"; };
		4974AE831EAB77D80095720B /* SignInViewController.swift */ = {isa = PBXFileReference; fileEncoding = 4; lastKnownFileType = sourcecode.swift; path = SignInViewController.swift; sourceTree = "<group>"; };
		498162711EA8C71500CDAFC2 /* GoogleService-Info.plist */ = {isa = PBXFileReference; fileEncoding = 4; lastKnownFileType = text.plist.xml; path = "GoogleService-Info.plist"; sourceTree = "<group>"; };
		49896C5F1EAF93D900DC7950 /* InstagramClone-Bridging-Header.h */ = {isa = PBXFileReference; lastKnownFileType = sourcecode.c.h; path = "InstagramClone-Bridging-Header.h"; sourceTree = "<group>"; };
		49896C601EAF93D900DC7950 /* ProgressHUD.bundle */ = {isa = PBXFileReference; lastKnownFileType = "wrapper.plug-in"; path = ProgressHUD.bundle; sourceTree = "<group>"; };
		49896C611EAF93D900DC7950 /* ProgressHUD.h */ = {isa = PBXFileReference; fileEncoding = 4; lastKnownFileType = sourcecode.c.h; path = ProgressHUD.h; sourceTree = "<group>"; };
		49896C621EAF93D900DC7950 /* ProgressHUD.m */ = {isa = PBXFileReference; fileEncoding = 4; lastKnownFileType = sourcecode.c.objc; path = ProgressHUD.m; sourceTree = "<group>"; };
		49896C651EAFCE5400DC7950 /* AuthServices.swift */ = {isa = PBXFileReference; fileEncoding = 4; lastKnownFileType = sourcecode.swift; path = AuthServices.swift; sourceTree = "<group>"; };
		49896C671EB0A24F00DC7950 /* Config.swift */ = {isa = PBXFileReference; fileEncoding = 4; lastKnownFileType = sourcecode.swift; path = Config.swift; sourceTree = "<group>"; };
		49D2B6BB1EA793B000541569 /* Base */ = {isa = PBXFileReference; lastKnownFileType = file.storyboard; name = Base; path = Base.lproj/Insideapp.storyboard; sourceTree = "<group>"; };
		49D2B6BE1EA7CF4800541569 /* Base */ = {isa = PBXFileReference; lastKnownFileType = file.storyboard; name = Base; path = Base.lproj/Home.storyboard; sourceTree = "<group>"; };
		49D2B6C01EA7D02700541569 /* Search.storyboard */ = {isa = PBXFileReference; fileEncoding = 4; lastKnownFileType = file.storyboard; path = Search.storyboard; sourceTree = "<group>"; };
		49D2B6C31EA7D07700541569 /* Base */ = {isa = PBXFileReference; lastKnownFileType = file.storyboard; name = Base; path = Base.lproj/Postphoto.storyboard; sourceTree = "<group>"; };
		49D2B6C51EA7D0B900541569 /* Activity.storyboard */ = {isa = PBXFileReference; fileEncoding = 4; lastKnownFileType = file.storyboard; path = Activity.storyboard; sourceTree = "<group>"; };
		49D2B6C81EA7D10100541569 /* Base */ = {isa = PBXFileReference; lastKnownFileType = file.storyboard; name = Base; path = Base.lproj/Profile.storyboard; sourceTree = "<group>"; };
		9F77157ADF59453E4CF49467 /* Pods-InstagramClone.release.xcconfig */ = {isa = PBXFileReference; includeInIndex = 1; lastKnownFileType = text.xcconfig; name = "Pods-InstagramClone.release.xcconfig"; path = "Pods/Target Support Files/Pods-InstagramClone/Pods-InstagramClone.release.xcconfig"; sourceTree = "<group>"; };
		C7A0278DB3C8B4BB32E9E468 /* Pods_InstagramClone.framework */ = {isa = PBXFileReference; explicitFileType = wrapper.framework; includeInIndex = 0; path = Pods_InstagramClone.framework; sourceTree = BUILT_PRODUCTS_DIR; };
		D6DEBFA8F53B03525D4E45E0 /* Pods-InstagramClone.debug.xcconfig */ = {isa = PBXFileReference; includeInIndex = 1; lastKnownFileType = text.xcconfig; name = "Pods-InstagramClone.debug.xcconfig"; path = "Pods/Target Support Files/Pods-InstagramClone/Pods-InstagramClone.debug.xcconfig"; sourceTree = "<group>"; };
/* End PBXFileReference section */

/* Begin PBXFrameworksBuildPhase section */
		49575AC11EA74B6100BD0C0C /* Frameworks */ = {
			isa = PBXFrameworksBuildPhase;
			buildActionMask = 2147483647;
			files = (
				5C855B636009483549DF13E4 /* Pods_InstagramClone.framework in Frameworks */,
			);
			runOnlyForDeploymentPostprocessing = 0;
		};
/* End PBXFrameworksBuildPhase section */

/* Begin PBXGroup section */
		488F781FFC2E86CFBFC3F626 /* Pods */ = {
			isa = PBXGroup;
			children = (
				D6DEBFA8F53B03525D4E45E0 /* Pods-InstagramClone.debug.xcconfig */,
				9F77157ADF59453E4CF49467 /* Pods-InstagramClone.release.xcconfig */,
			);
			name = Pods;
			sourceTree = "<group>";
		};
		49575ABB1EA74B6100BD0C0C = {
			isa = PBXGroup;
			children = (
				49575AC61EA74B6100BD0C0C /* InstagramClone */,
				49575AC51EA74B6100BD0C0C /* Products */,
				488F781FFC2E86CFBFC3F626 /* Pods */,
				F5D705CFFA2F32B77B9F1495 /* Frameworks */,
			);
			sourceTree = "<group>";
		};
		49575AC51EA74B6100BD0C0C /* Products */ = {
			isa = PBXGroup;
			children = (
				49575AC41EA74B6100BD0C0C /* InstagramClone.app */,
			);
			name = Products;
			sourceTree = "<group>";
		};
		49575AC61EA74B6100BD0C0C /* InstagramClone */ = {
			isa = PBXGroup;
			children = (
				49575AC71EA74B6100BD0C0C /* AppDelegate.swift */,
				49896C651EAFCE5400DC7950 /* AuthServices.swift */,
				49896C671EB0A24F00DC7950 /* Config.swift */,
				49D2B6BA1EA793B000541569 /* Insideapp.storyboard */,
				49575ACB1EA74B6100BD0C0C /* Main.storyboard */,
				4974AE831EAB77D80095720B /* SignInViewController.swift */,
				49575AD91EA74E5800BD0C0C /* SignUpViewController.swift */,
				49D2B6BD1EA7CF4800541569 /* Home.storyboard */,
				49575ADB1EA760E800BD0C0C /* HomeViewController.swift */,
				49D2B6C71EA7D10100541569 /* Profile.storyboard */,
				49575AE31EA7611A00BD0C0C /* ProfileViewController.swift */,
				49D2B6C51EA7D0B900541569 /* Activity.storyboard */,
				49575ADF1EA7610300BD0C0C /* ActivityViewController.swift */,
				49D2B6C21EA7D07700541569 /* Postphoto.storyboard */,
				49575AE11EA7610F00BD0C0C /* PhotoViewController.swift */,
				49D2B6C01EA7D02700541569 /* Search.storyboard */,
				49575ADD1EA760F200BD0C0C /* SearchViewController.swift */,
				49575ACE1EA74B6100BD0C0C /* Assets.xcassets */,
				49575AD01EA74B6100BD0C0C /* LaunchScreen.storyboard */,
				49896C601EAF93D900DC7950 /* ProgressHUD.bundle */,
				49896C611EAF93D900DC7950 /* ProgressHUD.h */,
				49896C621EAF93D900DC7950 /* ProgressHUD.m */,
				498162711EA8C71500CDAFC2 /* GoogleService-Info.plist */,
				49575AD31EA74B6100BD0C0C /* Info.plist */,
				49896C5F1EAF93D900DC7950 /* InstagramClone-Bridging-Header.h */,
			);
			path = InstagramClone;
			sourceTree = "<group>";
		};
		F5D705CFFA2F32B77B9F1495 /* Frameworks */ = {
			isa = PBXGroup;
			children = (
				C7A0278DB3C8B4BB32E9E468 /* Pods_InstagramClone.framework */,
			);
			name = Frameworks;
			sourceTree = "<group>";
		};
/* End PBXGroup section */

/* Begin PBXNativeTarget section */
		49575AC31EA74B6100BD0C0C /* InstagramClone */ = {
			isa = PBXNativeTarget;
			buildConfigurationList = 49575AD61EA74B6100BD0C0C /* Build configuration list for PBXNativeTarget "InstagramClone" */;
			buildPhases = (
				BE70423B2B8E94F159B649ED /* [CP] Check Pods Manifest.lock */,
				49575AC01EA74B6100BD0C0C /* Sources */,
				49575AC11EA74B6100BD0C0C /* Frameworks */,
				49575AC21EA74B6100BD0C0C /* Resources */,
				726D17CE36E4C457282BBB79 /* [CP] Embed Pods Frameworks */,
				93CF23095F79C880AD35E6F0 /* [CP] Copy Pods Resources */,
			);
			buildRules = (
			);
			dependencies = (
			);
			name = InstagramClone;
			productName = InstagramClone;
			productReference = 49575AC41EA74B6100BD0C0C /* InstagramClone.app */;
			productType = "com.apple.product-type.application";
		};
/* End PBXNativeTarget section */

/* Begin PBXProject section */
		49575ABC1EA74B6100BD0C0C /* Project object */ = {
			isa = PBXProject;
			attributes = {
				LastSwiftUpdateCheck = 0830;
				LastUpgradeCheck = 0830;
				ORGANIZATIONNAME = "Othman Mashaab";
				TargetAttributes = {
					49575AC31EA74B6100BD0C0C = {
						CreatedOnToolsVersion = 8.3.1;
						DevelopmentTeam = KB93Y7F453;
						LastSwiftMigration = 0830;
						ProvisioningStyle = Automatic;
					};
				};
			};
			buildConfigurationList = 49575ABF1EA74B6100BD0C0C /* Build configuration list for PBXProject "InstagramClone" */;
			compatibilityVersion = "Xcode 3.2";
			developmentRegion = English;
			hasScannedForEncodings = 0;
			knownRegions = (
				en,
				Base,
			);
			mainGroup = 49575ABB1EA74B6100BD0C0C;
			productRefGroup = 49575AC51EA74B6100BD0C0C /* Products */;
			projectDirPath = "";
			projectRoot = "";
			targets = (
				49575AC31EA74B6100BD0C0C /* InstagramClone */,
			);
		};
/* End PBXProject section */

/* Begin PBXResourcesBuildPhase section */
		49575AC21EA74B6100BD0C0C /* Resources */ = {
			isa = PBXResourcesBuildPhase;
			buildActionMask = 2147483647;
			files = (
				49896C631EAF93D900DC7950 /* ProgressHUD.bundle in Resources */,
				49D2B6BC1EA793B000541569 /* Insideapp.storyboard in Resources */,
				49D2B6BF1EA7CF4800541569 /* Home.storyboard in Resources */,
				49575AD21EA74B6100BD0C0C /* LaunchScreen.storyboard in Resources */,
				49575ACF1EA74B6100BD0C0C /* Assets.xcassets in Resources */,
				49D2B6C11EA7D02700541569 /* Search.storyboard in Resources */,
				49575ACD1EA74B6100BD0C0C /* Main.storyboard in Resources */,
				49D2B6C91EA7D10100541569 /* Profile.storyboard in Resources */,
				498162721EA8C71500CDAFC2 /* GoogleService-Info.plist in Resources */,
				49D2B6C41EA7D07700541569 /* Postphoto.storyboard in Resources */,
				49D2B6C61EA7D0B900541569 /* Activity.storyboard in Resources */,
			);
			runOnlyForDeploymentPostprocessing = 0;
		};
/* End PBXResourcesBuildPhase section */

/* Begin PBXShellScriptBuildPhase section */
		726D17CE36E4C457282BBB79 /* [CP] Embed Pods Frameworks */ = {
			isa = PBXShellScriptBuildPhase;
			buildActionMask = 2147483647;
			files = (
			);
			inputPaths = (
			);
			name = "[CP] Embed Pods Frameworks";
			outputPaths = (
			);
			runOnlyForDeploymentPostprocessing = 0;
			shellPath = /bin/sh;
			shellScript = "\"${SRCROOT}/Pods/Target Support Files/Pods-InstagramClone/Pods-InstagramClone-frameworks.sh\"\n";
			showEnvVarsInLog = 0;
		};
		93CF23095F79C880AD35E6F0 /* [CP] Copy Pods Resources */ = {
			isa = PBXShellScriptBuildPhase;
			buildActionMask = 2147483647;
			files = (
			);
			inputPaths = (
			);
			name = "[CP] Copy Pods Resources";
			outputPaths = (
			);
			runOnlyForDeploymentPostprocessing = 0;
			shellPath = /bin/sh;
			shellScript = "\"${SRCROOT}/Pods/Target Support Files/Pods-InstagramClone/Pods-InstagramClone-resources.sh\"\n";
			showEnvVarsInLog = 0;
		};
		BE70423B2B8E94F159B649ED /* [CP] Check Pods Manifest.lock */ = {
			isa = PBXShellScriptBuildPhase;
			buildActionMask = 2147483647;
			files = (
			);
			inputPaths = (
			);
			name = "[CP] Check Pods Manifest.lock";
			outputPaths = (
			);
			runOnlyForDeploymentPostprocessing = 0;
			shellPath = /bin/sh;
			shellScript = "diff \"${PODS_PODFILE_DIR_PATH}/Podfile.lock\" \"${PODS_ROOT}/Manifest.lock\" > /dev/null\nif [ $? != 0 ] ; then\n    # print error to STDERR\n    echo \"error: The sandbox is not in sync with the Podfile.lock. Run 'pod install' or update your CocoaPods installation.\" >&2\n    exit 1\nfi\n";
			showEnvVarsInLog = 0;
		};
/* End PBXShellScriptBuildPhase section */

/* Begin PBXSourcesBuildPhase section */
		49575AC01EA74B6100BD0C0C /* Sources */ = {
			isa = PBXSourcesBuildPhase;
			buildActionMask = 2147483647;
			files = (
				49896C641EAF93D900DC7950 /* ProgressHUD.m in Sources */,
				49575ADE1EA760F200BD0C0C /* SearchViewController.swift in Sources */,
				49575AE01EA7610300BD0C0C /* ActivityViewController.swift in Sources */,
				49575AC81EA74B6100BD0C0C /* AppDelegate.swift in Sources */,
				49896C681EB0A24F00DC7950 /* Config.swift in Sources */,
				49575AE21EA7610F00BD0C0C /* PhotoViewController.swift in Sources */,
				49896C661EAFCE5400DC7950 /* AuthServices.swift in Sources */,
				49575ADA1EA74E5800BD0C0C /* SignUpViewController.swift in Sources */,
				4974AE841EAB77D80095720B /* SignInViewController.swift in Sources */,
				49575AE41EA7611A00BD0C0C /* ProfileViewController.swift in Sources */,
				49575ADC1EA760E800BD0C0C /* HomeViewController.swift in Sources */,
			);
			runOnlyForDeploymentPostprocessing = 0;
		};
/* End PBXSourcesBuildPhase section */

/* Begin PBXVariantGroup section */
		49575ACB1EA74B6100BD0C0C /* Main.storyboard */ = {
			isa = PBXVariantGroup;
			children = (
				49575ACC1EA74B6100BD0C0C /* Base */,
			);
			name = Main.storyboard;
			sourceTree = "<group>";
		};
		49575AD01EA74B6100BD0C0C /* LaunchScreen.storyboard */ = {
			isa = PBXVariantGroup;
			children = (
				49575AD11EA74B6100BD0C0C /* Base */,
			);
			name = LaunchScreen.storyboard;
			sourceTree = "<group>";
		};
		49D2B6BA1EA793B000541569 /* Insideapp.storyboard */ = {
			isa = PBXVariantGroup;
			children = (
				49D2B6BB1EA793B000541569 /* Base */,
			);
			name = Insideapp.storyboard;
			sourceTree = "<group>";
		};
		49D2B6BD1EA7CF4800541569 /* Home.storyboard */ = {
			isa = PBXVariantGroup;
			children = (
				49D2B6BE1EA7CF4800541569 /* Base */,
			);
			name = Home.storyboard;
			sourceTree = "<group>";
		};
		49D2B6C21EA7D07700541569 /* Postphoto.storyboard */ = {
			isa = PBXVariantGroup;
			children = (
				49D2B6C31EA7D07700541569 /* Base */,
			);
			name = Postphoto.storyboard;
			sourceTree = "<group>";
		};
		49D2B6C71EA7D10100541569 /* Profile.storyboard */ = {
			isa = PBXVariantGroup;
			children = (
				49D2B6C81EA7D10100541569 /* Base */,
			);
			name = Profile.storyboard;
			sourceTree = "<group>";
		};
/* End PBXVariantGroup section */

/* Begin XCBuildConfiguration section */
		49575AD41EA74B6100BD0C0C /* Debug */ = {
			isa = XCBuildConfiguration;
			buildSettings = {
				ALWAYS_SEARCH_USER_PATHS = NO;
				CLANG_ANALYZER_NONNULL = YES;
				CLANG_ANALYZER_NUMBER_OBJECT_CONVERSION = YES_AGGRESSIVE;
				CLANG_CXX_LANGUAGE_STANDARD = "gnu++0x";
				CLANG_CXX_LIBRARY = "libc++";
				CLANG_ENABLE_MODULES = YES;
				CLANG_ENABLE_OBJC_ARC = YES;
				CLANG_WARN_BOOL_CONVERSION = YES;
				CLANG_WARN_CONSTANT_CONVERSION = YES;
				CLANG_WARN_DIRECT_OBJC_ISA_USAGE = YES_ERROR;
				CLANG_WARN_DOCUMENTATION_COMMENTS = YES;
				CLANG_WARN_EMPTY_BODY = YES;
				CLANG_WARN_ENUM_CONVERSION = YES;
				CLANG_WARN_INFINITE_RECURSION = YES;
				CLANG_WARN_INT_CONVERSION = YES;
				CLANG_WARN_OBJC_ROOT_CLASS = YES_ERROR;
				CLANG_WARN_SUSPICIOUS_MOVE = YES;
				CLANG_WARN_UNREACHABLE_CODE = YES;
				CLANG_WARN__DUPLICATE_METHOD_MATCH = YES;
				"CODE_SIGN_IDENTITY[sdk=iphoneos*]" = "iPhone Developer";
				COPY_PHASE_STRIP = NO;
				DEBUG_INFORMATION_FORMAT = dwarf;
				ENABLE_STRICT_OBJC_MSGSEND = YES;
				ENABLE_TESTABILITY = YES;
				GCC_C_LANGUAGE_STANDARD = gnu99;
				GCC_DYNAMIC_NO_PIC = NO;
				GCC_NO_COMMON_BLOCKS = YES;
				GCC_OPTIMIZATION_LEVEL = 0;
				GCC_PREPROCESSOR_DEFINITIONS = (
					"DEBUG=1",
					"$(inherited)",
				);
				GCC_WARN_64_TO_32_BIT_CONVERSION = YES;
				GCC_WARN_ABOUT_RETURN_TYPE = YES_ERROR;
				GCC_WARN_UNDECLARED_SELECTOR = YES;
				GCC_WARN_UNINITIALIZED_AUTOS = YES_AGGRESSIVE;
				GCC_WARN_UNUSED_FUNCTION = YES;
				GCC_WARN_UNUSED_VARIABLE = YES;
				IPHONEOS_DEPLOYMENT_TARGET = 10.3;
				MTL_ENABLE_DEBUG_INFO = YES;
				ONLY_ACTIVE_ARCH = YES;
				SDKROOT = iphoneos;
				SWIFT_ACTIVE_COMPILATION_CONDITIONS = DEBUG;
				SWIFT_OPTIMIZATION_LEVEL = "-Onone";
			};
			name = Debug;
		};
		49575AD51EA74B6100BD0C0C /* Release */ = {
			isa = XCBuildConfiguration;
			buildSettings = {
				ALWAYS_SEARCH_USER_PATHS = NO;
				CLANG_ANALYZER_NONNULL = YES;
				CLANG_ANALYZER_NUMBER_OBJECT_CONVERSION = YES_AGGRESSIVE;
				CLANG_CXX_LANGUAGE_STANDARD = "gnu++0x";
				CLANG_CXX_LIBRARY = "libc++";
				CLANG_ENABLE_MODULES = YES;
				CLANG_ENABLE_OBJC_ARC = YES;
				CLANG_WARN_BOOL_CONVERSION = YES;
				CLANG_WARN_CONSTANT_CONVERSION = YES;
				CLANG_WARN_DIRECT_OBJC_ISA_USAGE = YES_ERROR;
				CLANG_WARN_DOCUMENTATION_COMMENTS = YES;
				CLANG_WARN_EMPTY_BODY = YES;
				CLANG_WARN_ENUM_CONVERSION = YES;
				CLANG_WARN_INFINITE_RECURSION = YES;
				CLANG_WARN_INT_CONVERSION = YES;
				CLANG_WARN_OBJC_ROOT_CLASS = YES_ERROR;
				CLANG_WARN_SUSPICIOUS_MOVE = YES;
				CLANG_WARN_UNREACHABLE_CODE = YES;
				CLANG_WARN__DUPLICATE_METHOD_MATCH = YES;
				"CODE_SIGN_IDENTITY[sdk=iphoneos*]" = "iPhone Developer";
				COPY_PHASE_STRIP = NO;
				DEBUG_INFORMATION_FORMAT = "dwarf-with-dsym";
				ENABLE_NS_ASSERTIONS = NO;
				ENABLE_STRICT_OBJC_MSGSEND = YES;
				GCC_C_LANGUAGE_STANDARD = gnu99;
				GCC_NO_COMMON_BLOCKS = YES;
				GCC_WARN_64_TO_32_BIT_CONVERSION = YES;
				GCC_WARN_ABOUT_RETURN_TYPE = YES_ERROR;
				GCC_WARN_UNDECLARED_SELECTOR = YES;
				GCC_WARN_UNINITIALIZED_AUTOS = YES_AGGRESSIVE;
				GCC_WARN_UNUSED_FUNCTION = YES;
				GCC_WARN_UNUSED_VARIABLE = YES;
				IPHONEOS_DEPLOYMENT_TARGET = 10.3;
				MTL_ENABLE_DEBUG_INFO = NO;
				SDKROOT = iphoneos;
				SWIFT_OPTIMIZATION_LEVEL = "-Owholemodule";
				VALIDATE_PRODUCT = YES;
			};
			name = Release;
		};
		49575AD71EA74B6100BD0C0C /* Debug */ = {
			isa = XCBuildConfiguration;
			baseConfigurationReference = D6DEBFA8F53B03525D4E45E0 /* Pods-InstagramClone.debug.xcconfig */;
			buildSettings = {
				ASSETCATALOG_COMPILER_APPICON_NAME = AppIcon;
				CLANG_ENABLE_MODULES = YES;
				DEVELOPMENT_TEAM = KB93Y7F453;
				INFOPLIST_FILE = InstagramClone/Info.plist;
				LD_RUNPATH_SEARCH_PATHS = "$(inherited) @executable_path/Frameworks";
				MACH_O_TYPE = mh_execute;
				PRODUCT_BUNDLE_IDENTIFIER = com.Othman.InstagramClone;
				PRODUCT_NAME = "$(TARGET_NAME)";
				SWIFT_OBJC_BRIDGING_HEADER = "InstagramClone/InstagramClone-Bridging-Header.h";
				SWIFT_OPTIMIZATION_LEVEL = "-Onone";
				SWIFT_VERSION = 3.0;
			};
			name = Debug;
		};
		49575AD81EA74B6100BD0C0C /* Release */ = {
			isa = XCBuildConfiguration;
			baseConfigurationReference = 9F77157ADF59453E4CF49467 /* Pods-InstagramClone.release.xcconfig */;
			buildSettings = {
				ASSETCATALOG_COMPILER_APPICON_NAME = AppIcon;
				CLANG_ENABLE_MODULES = YES;
				DEVELOPMENT_TEAM = KB93Y7F453;
				INFOPLIST_FILE = InstagramClone/Info.plist;
				LD_RUNPATH_SEARCH_PATHS = "$(inherited) @executable_path/Frameworks";
				MACH_O_TYPE = mh_execute;
				PRODUCT_BUNDLE_IDENTIFIER = com.Othman.InstagramClone;
				PRODUCT_NAME = "$(TARGET_NAME)";
				SWIFT_OBJC_BRIDGING_HEADER = "InstagramClone/InstagramClone-Bridging-Header.h";
				SWIFT_VERSION = 3.0;
			};
			name = Release;
		};
/* End XCBuildConfiguration section */

/* Begin XCConfigurationList section */
		49575ABF1EA74B6100BD0C0C /* Build configuration list for PBXProject "InstagramClone" */ = {
			isa = XCConfigurationList;
			buildConfigurations = (
				49575AD41EA74B6100BD0C0C /* Debug */,
				49575AD51EA74B6100BD0C0C /* Release */,
			);
			defaultConfigurationIsVisible = 0;
			defaultConfigurationName = Release;
		};
		49575AD61EA74B6100BD0C0C /* Build configuration list for PBXNativeTarget "InstagramClone" */ = {
			isa = XCConfigurationList;
			buildConfigurations = (
				49575AD71EA74B6100BD0C0C /* Debug */,
				49575AD81EA74B6100BD0C0C /* Release */,
			);
			defaultConfigurationIsVisible = 0;
			defaultConfigurationName = Release;
		};
/* End XCConfigurationList section */
	};
	rootObject = 49575ABC1EA74B6100BD0C0C /* Project object */;
}
